
Microsoft Visual Studio Solution File, Format Version 12.00
# Visual Studio Version 16
VisualStudioVersion = 16.0.29418.71
MinimumVisualStudioVersion = 10.0.40219.1
Project("{FAE04EC0-301F-11D3-BF4B-00C04F79EFBC}") = "AspNetReact", "AspNetReact.csproj", "{0BD2EBA5-496A-4C2E-8FDD-8E3693FFAA34}"
EndProject
Global
	GlobalSection(SolutionConfigurationPlatforms) = preSolution
		Debug|Any CPU = Debug|Any CPU
		Release|Any CPU = Release|Any CPU
	EndGlobalSection
	GlobalSection(ProjectConfigurationPlatforms) = postSolution
		{0BD2EBA5-496A-4C2E-8FDD-8E3693FFAA34}.Debug|Any CPU.ActiveCfg = Debug|Any CPU
		{0BD2EBA5-496A-4C2E-8FDD-8E3693FFAA34}.Debug|Any CPU.Build.0 = Debug|Any CPU
		{0BD2EBA5-496A-4C2E-8FDD-8E3693FFAA34}.Release|Any CPU.ActiveCfg = Release|Any CPU
		{0BD2EBA5-496A-4C2E-8FDD-8E3693FFAA34}.Release|Any CPU.Build.0 = Release|Any CPU
	EndGlobalSection
	GlobalSection(SolutionProperties) = preSolution
		HideSolutionNode = FALSE
	EndGlobalSection
	GlobalSection(ExtensibilityGlobals) = postSolution
		SolutionGuid = {E60580AB-CFD5-46FC-B4B9-6530E8654159}
	EndGlobalSection
EndGlobal
